
Microsoft Visual Studio Solution File, Format Version 12.00
# Visual Studio Version 17
VisualStudioVersion = 17.6.33712.159
MinimumVisualStudioVersion = 10.0.40219.1
Project("{F2A71F9B-5D33-465A-A702-920D77279786}") = "JovemProgramadorMVC", "JovemProgramadorMVC\JovemProgramadorMVC.fsproj", "{7FCF5DB3-9299-40E8-A6CB-2BE0F40EB108}"
EndProject
Global
	GlobalSection(SolutionConfigurationPlatforms) = preSolution
		Debug|Any CPU = Debug|Any CPU
		Release|Any CPU = Release|Any CPU
	EndGlobalSection
	GlobalSection(ProjectConfigurationPlatforms) = postSolution
		{7FCF5DB3-9299-40E8-A6CB-2BE0F40EB108}.Debug|Any CPU.ActiveCfg = Debug|Any CPU
		{7FCF5DB3-9299-40E8-A6CB-2BE0F40EB108}.Debug|Any CPU.Build.0 = Debug|Any CPU
		{7FCF5DB3-9299-40E8-A6CB-2BE0F40EB108}.Release|Any CPU.ActiveCfg = Release|Any CPU
		{7FCF5DB3-9299-40E8-A6CB-2BE0F40EB108}.Release|Any CPU.Build.0 = Release|Any CPU
	EndGlobalSection
	GlobalSection(SolutionProperties) = preSolution
		HideSolutionNode = FALSE
	EndGlobalSection
	GlobalSection(ExtensibilityGlobals) = postSolution
		SolutionGuid = {C7BA87E6-CFAB-4D01-895A-B3D67B78A290}
	EndGlobalSection
EndGlobal
